
Microsoft Visual Studio Solution File, Format Version 12.00
# Visual Studio Version 17
VisualStudioVersion = 17.2.32630.192
MinimumVisualStudioVersion = 10.0.40219.1
Project("{FAE04EC0-301F-11D3-BF4B-00C04F79EFBC}") = "IHateULearnBecouseThisParasha", "IHateULearnBecouseThisParasha\IHateULearnBecouseThisParasha.csproj", "{4AFA0E36-37E8-492F-B4EA-9E981106F5D6}"
EndProject
Global
	GlobalSection(SolutionConfigurationPlatforms) = preSolution
		Debug|Any CPU = Debug|Any CPU
		Release|Any CPU = Release|Any CPU
	EndGlobalSection
	GlobalSection(ProjectConfigurationPlatforms) = postSolution
		{4AFA0E36-37E8-492F-B4EA-9E981106F5D6}.Debug|Any CPU.ActiveCfg = Debug|Any CPU
		{4AFA0E36-37E8-492F-B4EA-9E981106F5D6}.Debug|Any CPU.Build.0 = Debug|Any CPU
		{4AFA0E36-37E8-492F-B4EA-9E981106F5D6}.Release|Any CPU.ActiveCfg = Release|Any CPU
		{4AFA0E36-37E8-492F-B4EA-9E981106F5D6}.Release|Any CPU.Build.0 = Release|Any CPU
	EndGlobalSection
	GlobalSection(SolutionProperties) = preSolution
		HideSolutionNode = FALSE
	EndGlobalSection
	GlobalSection(ExtensibilityGlobals) = postSolution
		SolutionGuid = {F58CBB58-2A62-40D6-A1C4-8D8EA5F864FB}
	EndGlobalSection
EndGlobal
