
Microsoft Visual Studio Solution File, Format Version 12.00
# Visual Studio Version 17
VisualStudioVersion = 17.2.32630.192
MinimumVisualStudioVersion = 10.0.40219.1
Project("{FAE04EC0-301F-11D3-BF4B-00C04F79EFBC}") = "Transport", "Transport\Transport.csproj", "{647D6B2D-1120-4693-836D-8C163CBCC22B}"
EndProject
Global
	GlobalSection(SolutionConfigurationPlatforms) = preSolution
		Debug|Any CPU = Debug|Any CPU
		Release|Any CPU = Release|Any CPU
	EndGlobalSection
	GlobalSection(ProjectConfigurationPlatforms) = postSolution
		{647D6B2D-1120-4693-836D-8C163CBCC22B}.Debug|Any CPU.ActiveCfg = Debug|Any CPU
		{647D6B2D-1120-4693-836D-8C163CBCC22B}.Debug|Any CPU.Build.0 = Debug|Any CPU
		{647D6B2D-1120-4693-836D-8C163CBCC22B}.Release|Any CPU.ActiveCfg = Release|Any CPU
		{647D6B2D-1120-4693-836D-8C163CBCC22B}.Release|Any CPU.Build.0 = Release|Any CPU
	EndGlobalSection
	GlobalSection(SolutionProperties) = preSolution
		HideSolutionNode = FALSE
	EndGlobalSection
	GlobalSection(ExtensibilityGlobals) = postSolution
		SolutionGuid = {D06B405A-C395-4997-85FC-7249AA5490F9}
	EndGlobalSection
EndGlobal
