
Microsoft Visual Studio Solution File, Format Version 12.00
# Visual Studio Version 17
VisualStudioVersion = 17.2.32630.192
MinimumVisualStudioVersion = 10.0.40219.1
Project("{FAE04EC0-301F-11D3-BF4B-00C04F79EFBC}") = "LabaratoryWorkNum34", "LabaratoryWorkNum34\LabaratoryWorkNum34.csproj", "{0DBAA414-1DF9-4E67-83A4-DF2DA5E6E969}"
EndProject
Project("{FAE04EC0-301F-11D3-BF4B-00C04F79EFBC}") = "TestColor", "TestColor\TestColor.csproj", "{E2F6EB81-67A8-447A-9E59-4A6CC3546B07}"
EndProject
Project("{FAE04EC0-301F-11D3-BF4B-00C04F79EFBC}") = "TestColorCMY", "TestColorCMY\TestColorCMY.csproj", "{1D3372FE-8928-4B41-9639-7EBD74852AF6}"
EndProject
Global
	GlobalSection(SolutionConfigurationPlatforms) = preSolution
		Debug|Any CPU = Debug|Any CPU
		Release|Any CPU = Release|Any CPU
	EndGlobalSection
	GlobalSection(ProjectConfigurationPlatforms) = postSolution
		{0DBAA414-1DF9-4E67-83A4-DF2DA5E6E969}.Debug|Any CPU.ActiveCfg = Debug|Any CPU
		{0DBAA414-1DF9-4E67-83A4-DF2DA5E6E969}.Debug|Any CPU.Build.0 = Debug|Any CPU
		{0DBAA414-1DF9-4E67-83A4-DF2DA5E6E969}.Release|Any CPU.ActiveCfg = Release|Any CPU
		{0DBAA414-1DF9-4E67-83A4-DF2DA5E6E969}.Release|Any CPU.Build.0 = Release|Any CPU
		{E2F6EB81-67A8-447A-9E59-4A6CC3546B07}.Debug|Any CPU.ActiveCfg = Debug|Any CPU
		{E2F6EB81-67A8-447A-9E59-4A6CC3546B07}.Debug|Any CPU.Build.0 = Debug|Any CPU
		{E2F6EB81-67A8-447A-9E59-4A6CC3546B07}.Release|Any CPU.ActiveCfg = Release|Any CPU
		{E2F6EB81-67A8-447A-9E59-4A6CC3546B07}.Release|Any CPU.Build.0 = Release|Any CPU
		{1D3372FE-8928-4B41-9639-7EBD74852AF6}.Debug|Any CPU.ActiveCfg = Debug|Any CPU
		{1D3372FE-8928-4B41-9639-7EBD74852AF6}.Debug|Any CPU.Build.0 = Debug|Any CPU
		{1D3372FE-8928-4B41-9639-7EBD74852AF6}.Release|Any CPU.ActiveCfg = Release|Any CPU
		{1D3372FE-8928-4B41-9639-7EBD74852AF6}.Release|Any CPU.Build.0 = Release|Any CPU
	EndGlobalSection
	GlobalSection(SolutionProperties) = preSolution
		HideSolutionNode = FALSE
	EndGlobalSection
	GlobalSection(ExtensibilityGlobals) = postSolution
		SolutionGuid = {59128EB5-7489-496A-BAFC-57798A446198}
	EndGlobalSection
EndGlobal
