
Microsoft Visual Studio Solution File, Format Version 12.00
# Visual Studio Version 17
VisualStudioVersion = 17.2.32630.192
MinimumVisualStudioVersion = 10.0.40219.1
Project("{FAE04EC0-301F-11D3-BF4B-00C04F79EFBC}") = "Time_oop_practica_", "Time_oop_practica_\Time_oop_practica_.csproj", "{732BA6B9-90A3-420A-BA45-1A4280B54730}"
EndProject
Global
	GlobalSection(SolutionConfigurationPlatforms) = preSolution
		Debug|Any CPU = Debug|Any CPU
		Release|Any CPU = Release|Any CPU
	EndGlobalSection
	GlobalSection(ProjectConfigurationPlatforms) = postSolution
		{732BA6B9-90A3-420A-BA45-1A4280B54730}.Debug|Any CPU.ActiveCfg = Debug|Any CPU
		{732BA6B9-90A3-420A-BA45-1A4280B54730}.Debug|Any CPU.Build.0 = Debug|Any CPU
		{732BA6B9-90A3-420A-BA45-1A4280B54730}.Release|Any CPU.ActiveCfg = Release|Any CPU
		{732BA6B9-90A3-420A-BA45-1A4280B54730}.Release|Any CPU.Build.0 = Release|Any CPU
	EndGlobalSection
	GlobalSection(SolutionProperties) = preSolution
		HideSolutionNode = FALSE
	EndGlobalSection
	GlobalSection(ExtensibilityGlobals) = postSolution
		SolutionGuid = {79A8137C-308E-4629-BE63-D1ADECCCF932}
	EndGlobalSection
EndGlobal
