
Microsoft Visual Studio Solution File, Format Version 12.00
# Visual Studio Version 17
VisualStudioVersion = 17.2.32630.192
MinimumVisualStudioVersion = 10.0.40219.1
Project("{FAE04EC0-301F-11D3-BF4B-00C04F79EFBC}") = "Program1", "Program1\Program1.csproj", "{63CCDCED-BDB2-44D9-B062-37B0523DE2CA}"
EndProject
Global
	GlobalSection(SolutionConfigurationPlatforms) = preSolution
		Debug|Any CPU = Debug|Any CPU
		Release|Any CPU = Release|Any CPU
	EndGlobalSection
	GlobalSection(ProjectConfigurationPlatforms) = postSolution
		{63CCDCED-BDB2-44D9-B062-37B0523DE2CA}.Debug|Any CPU.ActiveCfg = Debug|Any CPU
		{63CCDCED-BDB2-44D9-B062-37B0523DE2CA}.Debug|Any CPU.Build.0 = Debug|Any CPU
		{63CCDCED-BDB2-44D9-B062-37B0523DE2CA}.Release|Any CPU.ActiveCfg = Release|Any CPU
		{63CCDCED-BDB2-44D9-B062-37B0523DE2CA}.Release|Any CPU.Build.0 = Release|Any CPU
	EndGlobalSection
	GlobalSection(SolutionProperties) = preSolution
		HideSolutionNode = FALSE
	EndGlobalSection
	GlobalSection(ExtensibilityGlobals) = postSolution
		SolutionGuid = {32EFDBEC-3FA8-4D6E-8580-2F76DC7C7B37}
	EndGlobalSection
EndGlobal
